
Microsoft Visual Studio Solution File, Format Version 12.00
# Visual Studio Version 17
VisualStudioVersion = 17.11.35327.3
MinimumVisualStudioVersion = 10.0.40219.1
Project("{FAE04EC0-301F-11D3-BF4B-00C04F79EFBC}") = "SkiServerBackend", "SkiServerBackend.csproj", "{CEC0328A-86D0-48F2-9E30-CF252EF09A0E}"
EndProject
Global
	GlobalSection(SolutionConfigurationPlatforms) = preSolution
		Debug|Any CPU = Debug|Any CPU
		Release|Any CPU = Release|Any CPU
	EndGlobalSection
	GlobalSection(ProjectConfigurationPlatforms) = postSolution
		{CEC0328A-86D0-48F2-9E30-CF252EF09A0E}.Debug|Any CPU.ActiveCfg = Debug|Any CPU
		{CEC0328A-86D0-48F2-9E30-CF252EF09A0E}.Debug|Any CPU.Build.0 = Debug|Any CPU
		{CEC0328A-86D0-48F2-9E30-CF252EF09A0E}.Release|Any CPU.ActiveCfg = Release|Any CPU
		{CEC0328A-86D0-48F2-9E30-CF252EF09A0E}.Release|Any CPU.Build.0 = Release|Any CPU
	EndGlobalSection
	GlobalSection(SolutionProperties) = preSolution
		HideSolutionNode = FALSE
	EndGlobalSection
	GlobalSection(ExtensibilityGlobals) = postSolution
		SolutionGuid = {56904ABF-2097-437D-A90A-96BDF8E8112B}
	EndGlobalSection
EndGlobal
